
Microsoft Visual Studio Solution File, Format Version 12.00
# Visual Studio 15
VisualStudioVersion = 15.0.28307.1259
MinimumVisualStudioVersion = 10.0.40219.1
Project("{FAE04EC0-301F-11D3-BF4B-00C04F79EFBC}") = "treeView_TabPage", "treeView_TabPage\treeView_TabPage.csproj", "{CBBB7619-F8F0-4D4E-A848-A10E771A953C}"
EndProject
Global
	GlobalSection(SolutionConfigurationPlatforms) = preSolution
		Debug|Any CPU = Debug|Any CPU
		Release|Any CPU = Release|Any CPU
	EndGlobalSection
	GlobalSection(ProjectConfigurationPlatforms) = postSolution
		{CBBB7619-F8F0-4D4E-A848-A10E771A953C}.Debug|Any CPU.ActiveCfg = Debug|Any CPU
		{CBBB7619-F8F0-4D4E-A848-A10E771A953C}.Debug|Any CPU.Build.0 = Debug|Any CPU
		{CBBB7619-F8F0-4D4E-A848-A10E771A953C}.Release|Any CPU.ActiveCfg = Release|Any CPU
		{CBBB7619-F8F0-4D4E-A848-A10E771A953C}.Release|Any CPU.Build.0 = Release|Any CPU
	EndGlobalSection
	GlobalSection(SolutionProperties) = preSolution
		HideSolutionNode = FALSE
	EndGlobalSection
	GlobalSection(ExtensibilityGlobals) = postSolution
		SolutionGuid = {6C99B705-043F-42D1-B365-9B67EA7CB4DC}
	EndGlobalSection
EndGlobal
